
Microsoft Visual Studio Solution File, Format Version 12.00
# Visual Studio 2012
Project("{FAE04EC0-301F-11D3-BF4B-00C04F79EFBC}") = "TestingModel", "TestingModel\TestingModel.csproj", "{C7686799-A570-408D-BEB6-767226AD614D}"
EndProject
Project("{FAE04EC0-301F-11D3-BF4B-00C04F79EFBC}") = "TestingHost", "..\TstingHost\TestingHost.csproj", "{29E5E08C-31E8-47B5-AC75-934632F0E1C9}"
EndProject
Project("{FAE04EC0-301F-11D3-BF4B-00C04F79EFBC}") = "TestAttributes", "..\TestAttributes\TestAttributes.csproj", "{A5177EFE-E81F-4E6C-B6CE-B93F18C74C5A}"
EndProject
Global
	GlobalSection(SolutionConfigurationPlatforms) = preSolution
		Debug|Any CPU = Debug|Any CPU
		Release|Any CPU = Release|Any CPU
	EndGlobalSection
	GlobalSection(ProjectConfigurationPlatforms) = postSolution
		{C7686799-A570-408D-BEB6-767226AD614D}.Debug|Any CPU.ActiveCfg = Debug|Any CPU
		{C7686799-A570-408D-BEB6-767226AD614D}.Debug|Any CPU.Build.0 = Debug|Any CPU
		{C7686799-A570-408D-BEB6-767226AD614D}.Release|Any CPU.ActiveCfg = Release|Any CPU
		{C7686799-A570-408D-BEB6-767226AD614D}.Release|Any CPU.Build.0 = Release|Any CPU
		{29E5E08C-31E8-47B5-AC75-934632F0E1C9}.Debug|Any CPU.ActiveCfg = Debug|Any CPU
		{29E5E08C-31E8-47B5-AC75-934632F0E1C9}.Debug|Any CPU.Build.0 = Debug|Any CPU
		{29E5E08C-31E8-47B5-AC75-934632F0E1C9}.Release|Any CPU.ActiveCfg = Release|Any CPU
		{29E5E08C-31E8-47B5-AC75-934632F0E1C9}.Release|Any CPU.Build.0 = Release|Any CPU
		{A5177EFE-E81F-4E6C-B6CE-B93F18C74C5A}.Debug|Any CPU.ActiveCfg = Debug|Any CPU
		{A5177EFE-E81F-4E6C-B6CE-B93F18C74C5A}.Debug|Any CPU.Build.0 = Debug|Any CPU
		{A5177EFE-E81F-4E6C-B6CE-B93F18C74C5A}.Release|Any CPU.ActiveCfg = Release|Any CPU
		{A5177EFE-E81F-4E6C-B6CE-B93F18C74C5A}.Release|Any CPU.Build.0 = Release|Any CPU
	EndGlobalSection
	GlobalSection(SolutionProperties) = preSolution
		HideSolutionNode = FALSE
	EndGlobalSection
EndGlobal
