
Microsoft Visual Studio Solution File, Format Version 12.00
# Visual Studio 2012
Project("{FAE04EC0-301F-11D3-BF4B-00C04F79EFBC}") = "Webserver.Host", "Webserver.Host\Webserver.Host.csproj", "{4DB60E45-8ECE-4FE9-930A-59427FF9756F}"
EndProject
Project("{FAE04EC0-301F-11D3-BF4B-00C04F79EFBC}") = "Webserver.Model", "Webserver.Model\Webserver.Model.csproj", "{648842B7-D0E1-49EE-AFE8-FA31D648AA47}"
EndProject
Project("{FAE04EC0-301F-11D3-BF4B-00C04F79EFBC}") = "Webserver.Handlers", "Webserver.Handlers\Webserver.Handlers.csproj", "{AEAE37AF-3E7E-489C-B89A-F5CAE8830995}"
EndProject
Global
	GlobalSection(SolutionConfigurationPlatforms) = preSolution
		Debug|Any CPU = Debug|Any CPU
		Release|Any CPU = Release|Any CPU
	EndGlobalSection
	GlobalSection(ProjectConfigurationPlatforms) = postSolution
		{4DB60E45-8ECE-4FE9-930A-59427FF9756F}.Debug|Any CPU.ActiveCfg = Debug|Any CPU
		{4DB60E45-8ECE-4FE9-930A-59427FF9756F}.Debug|Any CPU.Build.0 = Debug|Any CPU
		{4DB60E45-8ECE-4FE9-930A-59427FF9756F}.Release|Any CPU.ActiveCfg = Release|Any CPU
		{4DB60E45-8ECE-4FE9-930A-59427FF9756F}.Release|Any CPU.Build.0 = Release|Any CPU
		{648842B7-D0E1-49EE-AFE8-FA31D648AA47}.Debug|Any CPU.ActiveCfg = Debug|Any CPU
		{648842B7-D0E1-49EE-AFE8-FA31D648AA47}.Debug|Any CPU.Build.0 = Debug|Any CPU
		{648842B7-D0E1-49EE-AFE8-FA31D648AA47}.Release|Any CPU.ActiveCfg = Release|Any CPU
		{648842B7-D0E1-49EE-AFE8-FA31D648AA47}.Release|Any CPU.Build.0 = Release|Any CPU
		{AEAE37AF-3E7E-489C-B89A-F5CAE8830995}.Debug|Any CPU.ActiveCfg = Debug|Any CPU
		{AEAE37AF-3E7E-489C-B89A-F5CAE8830995}.Debug|Any CPU.Build.0 = Debug|Any CPU
		{AEAE37AF-3E7E-489C-B89A-F5CAE8830995}.Release|Any CPU.ActiveCfg = Release|Any CPU
		{AEAE37AF-3E7E-489C-B89A-F5CAE8830995}.Release|Any CPU.Build.0 = Release|Any CPU
	EndGlobalSection
	GlobalSection(SolutionProperties) = preSolution
		HideSolutionNode = FALSE
	EndGlobalSection
EndGlobal
